
Microsoft Visual Studio Solution File, Format Version 12.00
Project("{2150E333-8FDC-42A3-9474-1A3956D46DE8}") = "src", "src", "{ABDBFEC0-E28D-4E77-8D30-5E7E39781019}"
EndProject
Project("{FAE04EC0-301F-11D3-BF4B-00C04F79EFBC}") = "ToDoList.Presentation", "src\ToDoList.Presentation\ToDoList.Presentation.csproj", "{3D3BD71C-38F7-405D-BEF9-6C7FB500AF0D}"
EndProject
Project("{FAE04EC0-301F-11D3-BF4B-00C04F79EFBC}") = "ToDoList.Application", "src\ToDoList.Application\ToDoList.Application.csproj", "{DFA72AF2-C74B-4102-81FC-1E47FBF65BC9}"
EndProject
Project("{FAE04EC0-301F-11D3-BF4B-00C04F79EFBC}") = "ToDoList.Domain", "src\ToDoList.Domain\ToDoList.Domain.csproj", "{6C14EBCB-4040-4EB2-996D-97748D0ADE93}"
EndProject
Project("{FAE04EC0-301F-11D3-BF4B-00C04F79EFBC}") = "ToDoList.Infrastructure", "src\ToDoList.Infrastructure\ToDoList.Infrastructure.csproj", "{808DEE08-0A2B-4A2C-9A5F-F86855853BCC}"
EndProject
Project("{FAE04EC0-301F-11D3-BF4B-00C04F79EFBC}") = "ToDoList.Contracts", "src\ToDoList.Contracts\ToDoList.Contracts.csproj", "{8E0549F3-8F2C-4315-A754-E93E1D34E7C5}"
EndProject
Global
	GlobalSection(SolutionConfigurationPlatforms) = preSolution
		Debug|Any CPU = Debug|Any CPU
		Release|Any CPU = Release|Any CPU
	EndGlobalSection
	GlobalSection(NestedProjects) = preSolution
		{3D3BD71C-38F7-405D-BEF9-6C7FB500AF0D} = {ABDBFEC0-E28D-4E77-8D30-5E7E39781019}
		{DFA72AF2-C74B-4102-81FC-1E47FBF65BC9} = {ABDBFEC0-E28D-4E77-8D30-5E7E39781019}
		{6C14EBCB-4040-4EB2-996D-97748D0ADE93} = {ABDBFEC0-E28D-4E77-8D30-5E7E39781019}
		{808DEE08-0A2B-4A2C-9A5F-F86855853BCC} = {ABDBFEC0-E28D-4E77-8D30-5E7E39781019}
		{8E0549F3-8F2C-4315-A754-E93E1D34E7C5} = {ABDBFEC0-E28D-4E77-8D30-5E7E39781019}
	EndGlobalSection
	GlobalSection(ProjectConfigurationPlatforms) = postSolution
		{3D3BD71C-38F7-405D-BEF9-6C7FB500AF0D}.Debug|Any CPU.ActiveCfg = Debug|Any CPU
		{3D3BD71C-38F7-405D-BEF9-6C7FB500AF0D}.Debug|Any CPU.Build.0 = Debug|Any CPU
		{3D3BD71C-38F7-405D-BEF9-6C7FB500AF0D}.Release|Any CPU.ActiveCfg = Release|Any CPU
		{3D3BD71C-38F7-405D-BEF9-6C7FB500AF0D}.Release|Any CPU.Build.0 = Release|Any CPU
		{DFA72AF2-C74B-4102-81FC-1E47FBF65BC9}.Debug|Any CPU.ActiveCfg = Debug|Any CPU
		{DFA72AF2-C74B-4102-81FC-1E47FBF65BC9}.Debug|Any CPU.Build.0 = Debug|Any CPU
		{DFA72AF2-C74B-4102-81FC-1E47FBF65BC9}.Release|Any CPU.ActiveCfg = Release|Any CPU
		{DFA72AF2-C74B-4102-81FC-1E47FBF65BC9}.Release|Any CPU.Build.0 = Release|Any CPU
		{6C14EBCB-4040-4EB2-996D-97748D0ADE93}.Debug|Any CPU.ActiveCfg = Debug|Any CPU
		{6C14EBCB-4040-4EB2-996D-97748D0ADE93}.Debug|Any CPU.Build.0 = Debug|Any CPU
		{6C14EBCB-4040-4EB2-996D-97748D0ADE93}.Release|Any CPU.ActiveCfg = Release|Any CPU
		{6C14EBCB-4040-4EB2-996D-97748D0ADE93}.Release|Any CPU.Build.0 = Release|Any CPU
		{808DEE08-0A2B-4A2C-9A5F-F86855853BCC}.Debug|Any CPU.ActiveCfg = Debug|Any CPU
		{808DEE08-0A2B-4A2C-9A5F-F86855853BCC}.Debug|Any CPU.Build.0 = Debug|Any CPU
		{808DEE08-0A2B-4A2C-9A5F-F86855853BCC}.Release|Any CPU.ActiveCfg = Release|Any CPU
		{808DEE08-0A2B-4A2C-9A5F-F86855853BCC}.Release|Any CPU.Build.0 = Release|Any CPU
		{8E0549F3-8F2C-4315-A754-E93E1D34E7C5}.Debug|Any CPU.ActiveCfg = Debug|Any CPU
		{8E0549F3-8F2C-4315-A754-E93E1D34E7C5}.Debug|Any CPU.Build.0 = Debug|Any CPU
		{8E0549F3-8F2C-4315-A754-E93E1D34E7C5}.Release|Any CPU.ActiveCfg = Release|Any CPU
		{8E0549F3-8F2C-4315-A754-E93E1D34E7C5}.Release|Any CPU.Build.0 = Release|Any CPU
	EndGlobalSection
EndGlobal
